
Microsoft Visual Studio Solution File, Format Version 10.00
# Visual Studio 2008
Project("{FAE04EC0-301F-11D3-BF4B-00C04F79EFBC}") = "EasyMove", "EasyMove\EasyMove.csproj", "{23BB99CB-6A6D-41F9-8C05-91581BAB557E}"
EndProject
Global
	GlobalSection(SolutionConfigurationPlatforms) = preSolution
		Debug|Any CPU = Debug|Any CPU
		Release|Any CPU = Release|Any CPU
	EndGlobalSection
	GlobalSection(ProjectConfigurationPlatforms) = postSolution
		{23BB99CB-6A6D-41F9-8C05-91581BAB557E}.Debug|Any CPU.ActiveCfg = Debug|Any CPU
		{23BB99CB-6A6D-41F9-8C05-91581BAB557E}.Debug|Any CPU.Build.0 = Debug|Any CPU
		{23BB99CB-6A6D-41F9-8C05-91581BAB557E}.Release|Any CPU.ActiveCfg = Release|Any CPU
		{23BB99CB-6A6D-41F9-8C05-91581BAB557E}.Release|Any CPU.Build.0 = Release|Any CPU
	EndGlobalSection
	GlobalSection(SolutionProperties) = preSolution
		HideSolutionNode = FALSE
	EndGlobalSection
	GlobalSection(ExtensibilityGlobals) = postSolution
		VSCustomBkgrdPaint = True
		VSUseSystemFonts = False
		VSSkinToggleButtons = True
		VSSkinFlatStyles = True
		VSTextShadow = True
		VSToolStripStyle = Mixed
		VSTargetControls = FormsAndControls
		VSStyle = Office2010 (Silver).vssf
	EndGlobalSection
EndGlobal
