
Microsoft Visual Studio Solution File, Format Version 10.00
# Visual Studio 2008
Project("{FAE04EC0-301F-11D3-BF4B-00C04F79EFBC}") = "appSecurity", "appSecurity\appSecurity.csproj", "{0B204321-236F-483D-ADDE-1C2A1EA4FF32}"
EndProject
Global
	GlobalSection(SolutionConfigurationPlatforms) = preSolution
		Debug|Any CPU = Debug|Any CPU
		Release|Any CPU = Release|Any CPU
	EndGlobalSection
	GlobalSection(ProjectConfigurationPlatforms) = postSolution
		{0B204321-236F-483D-ADDE-1C2A1EA4FF32}.Debug|Any CPU.ActiveCfg = Debug|Any CPU
		{0B204321-236F-483D-ADDE-1C2A1EA4FF32}.Debug|Any CPU.Build.0 = Debug|Any CPU
		{0B204321-236F-483D-ADDE-1C2A1EA4FF32}.Release|Any CPU.ActiveCfg = Release|Any CPU
		{0B204321-236F-483D-ADDE-1C2A1EA4FF32}.Release|Any CPU.Build.0 = Release|Any CPU
	EndGlobalSection
	GlobalSection(SolutionProperties) = preSolution
		HideSolutionNode = FALSE
	EndGlobalSection
EndGlobal
