
Microsoft Visual Studio Solution File, Format Version 10.00
# Visual Studio 2008
Project("{FAE04EC0-301F-11D3-BF4B-00C04F79EFBC}") = "Cash Statement", "Cash Statement\Cash Statement.csproj", "{4F1F52CB-FAC6-46BA-AF8F-0003BA717B50}"
EndProject
Global
	GlobalSection(SolutionConfigurationPlatforms) = preSolution
		Debug|Any CPU = Debug|Any CPU
		Release|Any CPU = Release|Any CPU
	EndGlobalSection
	GlobalSection(ProjectConfigurationPlatforms) = postSolution
		{4F1F52CB-FAC6-46BA-AF8F-0003BA717B50}.Debug|Any CPU.ActiveCfg = Debug|Any CPU
		{4F1F52CB-FAC6-46BA-AF8F-0003BA717B50}.Debug|Any CPU.Build.0 = Debug|Any CPU
		{4F1F52CB-FAC6-46BA-AF8F-0003BA717B50}.Release|Any CPU.ActiveCfg = Release|Any CPU
		{4F1F52CB-FAC6-46BA-AF8F-0003BA717B50}.Release|Any CPU.Build.0 = Release|Any CPU
	EndGlobalSection
	GlobalSection(SolutionProperties) = preSolution
		HideSolutionNode = FALSE
	EndGlobalSection
EndGlobal
