
Microsoft Visual Studio Solution File, Format Version 10.00
# Visual Studio 2008
Project("{FAE04EC0-301F-11D3-BF4B-00C04F79EFBC}") = "POSDocumentPrinter", "POSDocumentPrinter\POSDocumentPrinter.csproj", "{3AC11425-C718-48D2-9268-09D65672427A}"
EndProject
Project("{FAE04EC0-301F-11D3-BF4B-00C04F79EFBC}") = "CheckBoxComboBox", "CheckBoxComboBox\CheckBoxComboBox.csproj", "{70A25201-8EA4-48F8-A4A6-ED13ADF8823C}"
EndProject
Global
	GlobalSection(SolutionConfigurationPlatforms) = preSolution
		Debug|Any CPU = Debug|Any CPU
		Release|Any CPU = Release|Any CPU
	EndGlobalSection
	GlobalSection(ProjectConfigurationPlatforms) = postSolution
		{3AC11425-C718-48D2-9268-09D65672427A}.Debug|Any CPU.ActiveCfg = Debug|Any CPU
		{3AC11425-C718-48D2-9268-09D65672427A}.Debug|Any CPU.Build.0 = Debug|Any CPU
		{3AC11425-C718-48D2-9268-09D65672427A}.Release|Any CPU.ActiveCfg = Release|Any CPU
		{3AC11425-C718-48D2-9268-09D65672427A}.Release|Any CPU.Build.0 = Release|Any CPU
		{70A25201-8EA4-48F8-A4A6-ED13ADF8823C}.Debug|Any CPU.ActiveCfg = Debug|Any CPU
		{70A25201-8EA4-48F8-A4A6-ED13ADF8823C}.Debug|Any CPU.Build.0 = Debug|Any CPU
		{70A25201-8EA4-48F8-A4A6-ED13ADF8823C}.Release|Any CPU.ActiveCfg = Release|Any CPU
		{70A25201-8EA4-48F8-A4A6-ED13ADF8823C}.Release|Any CPU.Build.0 = Release|Any CPU
	EndGlobalSection
	GlobalSection(SolutionProperties) = preSolution
		HideSolutionNode = FALSE
	EndGlobalSection
EndGlobal
