
Microsoft Visual Studio Solution File, Format Version 10.00
# Visual Studio 2008
Project("{FAE04EC0-301F-11D3-BF4B-00C04F79EFBC}") = "BankPayments", "BankPayments\BankPayments.csproj", "{435D0632-0A3F-4ABA-8B7B-BE6E9694916B}"
	ProjectSection(ProjectDependencies) = postProject
		{904251A1-E73B-487B-B45D-61BA316E3EFE} = {904251A1-E73B-487B-B45D-61BA316E3EFE}
	EndProjectSection
EndProject
Project("{FAE04EC0-301F-11D3-BF4B-00C04F79EFBC}") = "customControls", "customControls\customControls\customControls.csproj", "{79E38C2A-692F-40DF-BE52-69718664C724}"
EndProject
Project("{FAE04EC0-301F-11D3-BF4B-00C04F79EFBC}") = "dbConnection", "dbConnection\dbConnection.csproj", "{904251A1-E73B-487B-B45D-61BA316E3EFE}"
EndProject
Global
	GlobalSection(SolutionConfigurationPlatforms) = preSolution
		Debug|Any CPU = Debug|Any CPU
		Release|Any CPU = Release|Any CPU
	EndGlobalSection
	GlobalSection(ProjectConfigurationPlatforms) = postSolution
		{435D0632-0A3F-4ABA-8B7B-BE6E9694916B}.Debug|Any CPU.ActiveCfg = Debug|Any CPU
		{435D0632-0A3F-4ABA-8B7B-BE6E9694916B}.Debug|Any CPU.Build.0 = Debug|Any CPU
		{435D0632-0A3F-4ABA-8B7B-BE6E9694916B}.Release|Any CPU.ActiveCfg = Release|Any CPU
		{435D0632-0A3F-4ABA-8B7B-BE6E9694916B}.Release|Any CPU.Build.0 = Release|Any CPU
		{79E38C2A-692F-40DF-BE52-69718664C724}.Debug|Any CPU.ActiveCfg = Debug|Any CPU
		{79E38C2A-692F-40DF-BE52-69718664C724}.Debug|Any CPU.Build.0 = Debug|Any CPU
		{79E38C2A-692F-40DF-BE52-69718664C724}.Release|Any CPU.ActiveCfg = Release|Any CPU
		{79E38C2A-692F-40DF-BE52-69718664C724}.Release|Any CPU.Build.0 = Release|Any CPU
		{904251A1-E73B-487B-B45D-61BA316E3EFE}.Debug|Any CPU.ActiveCfg = Debug|Any CPU
		{904251A1-E73B-487B-B45D-61BA316E3EFE}.Debug|Any CPU.Build.0 = Debug|Any CPU
		{904251A1-E73B-487B-B45D-61BA316E3EFE}.Release|Any CPU.ActiveCfg = Release|Any CPU
		{904251A1-E73B-487B-B45D-61BA316E3EFE}.Release|Any CPU.Build.0 = Release|Any CPU
	EndGlobalSection
	GlobalSection(SolutionProperties) = preSolution
		HideSolutionNode = FALSE
	EndGlobalSection
EndGlobal
